
Microsoft Visual Studio Solution File, Format Version 12.00
# Visual Studio Version 16
VisualStudioVersion = 16.0.31911.196
MinimumVisualStudioVersion = 10.0.40219.1
Project("{8BC9CEB8-8B4A-11D0-8D11-00A0C91BC942}") = "steam_inj", "steam_inj\steam_inj.vcxproj", "{C03E0ECB-DCFE-41DE-A051-71193C6CC2DE}"
EndProject
Global
	GlobalSection(SolutionConfigurationPlatforms) = preSolution
		Debug|x64 = Debug|x64
		Debug|x86 = Debug|x86
		Release|x64 = Release|x64
		Release|x86 = Release|x86
	EndGlobalSection
	GlobalSection(ProjectConfigurationPlatforms) = postSolution
		{C03E0ECB-DCFE-41DE-A051-71193C6CC2DE}.Debug|x64.ActiveCfg = Debug|x64
		{C03E0ECB-DCFE-41DE-A051-71193C6CC2DE}.Debug|x64.Build.0 = Debug|x64
		{C03E0ECB-DCFE-41DE-A051-71193C6CC2DE}.Debug|x86.ActiveCfg = Debug|Win32
		{C03E0ECB-DCFE-41DE-A051-71193C6CC2DE}.Debug|x86.Build.0 = Debug|Win32
		{C03E0ECB-DCFE-41DE-A051-71193C6CC2DE}.Release|x64.ActiveCfg = Release|x64
		{C03E0ECB-DCFE-41DE-A051-71193C6CC2DE}.Release|x64.Build.0 = Release|x64
		{C03E0ECB-DCFE-41DE-A051-71193C6CC2DE}.Release|x86.ActiveCfg = Release|Win32
		{C03E0ECB-DCFE-41DE-A051-71193C6CC2DE}.Release|x86.Build.0 = Release|Win32
	EndGlobalSection
	GlobalSection(SolutionProperties) = preSolution
		HideSolutionNode = FALSE
	EndGlobalSection
	GlobalSection(ExtensibilityGlobals) = postSolution
		SolutionGuid = {5A717520-0C32-46DC-AF9E-EE96E5DF0630}
	EndGlobalSection
EndGlobal
